<?xml version="1.0" encoding="UTF-8"?>
<Scheme
   version = "1.3">
   <BuildAction>
      <BuildActionEntries>
         <BuildActionEntry
            buildForRunning = "YES">
            <BuildableReference
               BuildableIdentifier = "primary"
               BlueprintIdentifier = "E142630621CE8FAD00751C16"
               BuildableName = "CleanRxGithub.app"
               BlueprintName = "CleanRxGithub"
               ReferencedContainer = "container:CleanRxGithub.xcodeproj">
            </BuildableReference>
         </BuildActionEntry>
      </BuildActionEntries>
   </BuildAction>
   <LaunchAction
      useCustomWorkingDirectory = "NO"
      buildConfiguration = "Debug"
      allowLocationSimulation = "YES">
      <BuildableProductRunnable>
         <BuildableReference
            BuildableIdentifier = "primary"
            BlueprintIdentifier = "E142630621CE8FAD00751C16"
            BuildableName = "CleanRxGithub.app"
            BlueprintName = "CleanRxGithub"
            ReferencedContainer = "container:CleanRxGithub.xcodeproj">
         </BuildableReference>
      </BuildableProductRunnable>
   </LaunchAction>
</Scheme>
